// !$*UTF8*$!
{
	archiveVersion = 1;
	classes = {
	};
	objectVersion = 56;
	objects = {

/* Begin PBXBuildFile section */
		CB428ECF29389F7500EE5CCD /* AppDelegate.swift in Sources */ = {isa = PBXBuildFile; fileRef = CB428ECE29389F7500EE5CCD /* AppDelegate.swift */; };
		CB428ED129389F7500EE5CCD /* SceneDelegate.swift in Sources */ = {isa = PBXBuildFile; fileRef = CB428ED029389F7500EE5CCD /* SceneDelegate.swift */; };
		CB428ED329389F7500EE5CCD /* ViewController.swift in Sources */ = {isa = PBXBuildFile; fileRef = CB428ED229389F7500EE5CCD /* ViewController.swift */; };
		CB428ED629389F7500EE5CCD /* Main.storyboard in Resources */ = {isa = PBXBuildFile; fileRef = CB428ED429389F7500EE5CCD /* Main.storyboard */; };
		CB428ED829389F7600EE5CCD /* Assets.xcassets in Resources */ = {isa = PBXBuildFile; fileRef = CB428ED729389F7600EE5CCD /* Assets.xcassets */; };
		CB428EDB29389F7600EE5CCD /* LaunchScreen.storyboard in Resources */ = {isa = PBXBuildFile; fileRef = CB428ED929389F7600EE5CCD /* LaunchScreen.storyboard */; };
		CB428EE42938A08B00EE5CCD /* SampleCollectionViewCell.swift in Sources */ = {isa = PBXBuildFile; fileRef = CB428EE22938A08B00EE5CCD /* SampleCollectionViewCell.swift */; };
		CB428EE52938A08B00EE5CCD /* SampleCollectionViewCell.xib in Resources */ = {isa = PBXBuildFile; fileRef = CB428EE32938A08B00EE5CCD /* SampleCollectionViewCell.xib */; };
/* End PBXBuildFile section */

/* Begin PBXFileReference section */
		CB428ECB29389F7500EE5CCD /* UICollectionSample.app */ = {isa = PBXFileReference; explicitFileType = wrapper.application; includeInIndex = 0; path = UICollectionSample.app; sourceTree = BUILT_PRODUCTS_DIR; };
		CB428ECE29389F7500EE5CCD /* AppDelegate.swift */ = {isa = PBXFileReference; lastKnownFileType = sourcecode.swift; path = AppDelegate.swift; sourceTree = "<group>"; };
		CB428ED029389F7500EE5CCD /* SceneDelegate.swift */ = {isa = PBXFileReference; lastKnownFileType = sourcecode.swift; path = SceneDelegate.swift; sourceTree = "<group>"; };
		CB428ED229389F7500EE5CCD /* ViewController.swift */ = {isa = PBXFileReference; lastKnownFileType = sourcecode.swift; path = ViewController.swift; sourceTree = "<group>"; };
		CB428ED529389F7500EE5CCD /* Base */ = {isa = PBXFileReference; lastKnownFileType = file.storyboard; name = Base; path = Base.lproj/Main.storyboard; sourceTree = "<group>"; };
		CB428ED729389F7600EE5CCD /* Assets.xcassets */ = {isa = PBXFileReference; lastKnownFileType = folder.assetcatalog; path = Assets.xcassets; sourceTree = "<group>"; };
		CB428EDA29389F7600EE5CCD /* Base */ = {isa = PBXFileReference; lastKnownFileType = file.storyboard; name = Base; path = Base.lproj/LaunchScreen.storyboard; sourceTree = "<group>"; };
		CB428EDC29389F7600EE5CCD /* Info.plist */ = {isa = PBXFileReference; lastKnownFileType = text.plist.xml; path = Info.plist; sourceTree = "<group>"; };
		CB428EE22938A08B00EE5CCD /* SampleCollectionViewCell.swift */ = {isa = PBXFileReference; lastKnownFileType = sourcecode.swift; path = SampleCollectionViewCell.swift; sourceTree = "<group>"; };
		CB428EE32938A08B00EE5CCD /* SampleCollectionViewCell.xib */ = {isa = PBXFileReference; lastKnownFileType = file.xib; path = SampleCollectionViewCell.xib; sourceTree = "<group>"; };
/* End PBXFileReference section */

/* Begin PBXFrameworksBuildPhase section */
		CB428EC829389F7500EE5CCD /* Frameworks */ = {
			isa = PBXFrameworksBuildPhase;
			buildActionMask = 2147483647;
			files = (
			);
			runOnlyForDeploymentPostprocessing = 0;
		};
/* End PBXFrameworksBuildPhase section */

/* Begin PBXGroup section */
		CB428EC229389F7500EE5CCD = {
			isa = PBXGroup;
			children = (
				CB428ECD29389F7500EE5CCD /* UICollectionSample */,
				CB428ECC29389F7500EE5CCD /* Products */,
			);
			sourceTree = "<group>";
		};
		CB428ECC29389F7500EE5CCD /* Products */ = {
			isa = PBXGroup;
			children = (
				CB428ECB29389F7500EE5CCD /* UICollectionSample.app */,
			);
			name = Products;
			sourceTree = "<group>";
		};
		CB428ECD29389F7500EE5CCD /* UICollectionSample */ = {
			isa = PBXGroup;
			children = (
				CB428ECE29389F7500EE5CCD /* AppDelegate.swift */,
				CB428ED029389F7500EE5CCD /* SceneDelegate.swift */,
				CB428ED229389F7500EE5CCD /* ViewController.swift */,
				CB428ED429389F7500EE5CCD /* Main.storyboard */,
				CB428ED729389F7600EE5CCD /* Assets.xcassets */,
				CB428ED929389F7600EE5CCD /* LaunchScreen.storyboard */,
				CB428EDC29389F7600EE5CCD /* Info.plist */,
				CB428EE22938A08B00EE5CCD /* SampleCollectionViewCell.swift */,
				CB428EE32938A08B00EE5CCD /* SampleCollectionViewCell.xib */,
			);
			path = UICollectionSample;
			sourceTree = "<group>";
		};
/* End PBXGroup section */

/* Begin PBXNativeTarget section */
		CB428ECA29389F7500EE5CCD /* UICollectionSample */ = {
			isa = PBXNativeTarget;
			buildConfigurationList = CB428EDF29389F7600EE5CCD /* Build configuration list for PBXNativeTarget "UICollectionSample" */;
			buildPhases = (
				CB428EC729389F7500EE5CCD /* Sources */,
				CB428EC829389F7500EE5CCD /* Frameworks */,
				CB428EC929389F7500EE5CCD /* Resources */,
			);
			buildRules = (
			);
			dependencies = (
			);
			name = UICollectionSample;
			productName = UICollectionSample;
			productReference = CB428ECB29389F7500EE5CCD /* UICollectionSample.app */;
			productType = "com.apple.product-type.application";
		};
/* End PBXNativeTarget section */

/* Begin PBXProject section */
		CB428EC329389F7500EE5CCD /* Project object */ = {
			isa = PBXProject;
			attributes = {
				BuildIndependentTargetsInParallel = 1;
				LastSwiftUpdateCheck = 1410;
				LastUpgradeCheck = 1410;
				TargetAttributes = {
					CB428ECA29389F7500EE5CCD = {
						CreatedOnToolsVersion = 14.1;
					};
				};
			};
			buildConfigurationList = CB428EC629389F7500EE5CCD /* Build configuration list for PBXProject "UICollectionSample" */;
			compatibilityVersion = "Xcode 14.0";
			developmentRegion = en;
			hasScannedForEncodings = 0;
			knownRegions = (
				en,
				Base,
			);
			mainGroup = CB428EC229389F7500EE5CCD;
			productRefGroup = CB428ECC29389F7500EE5CCD /* Products */;
			projectDirPath = "";
			projectRoot = "";
			targets = (
				CB428ECA29389F7500EE5CCD /* UICollectionSample */,
			);
		};
/* End PBXProject section */

/* Begin PBXResourcesBuildPhase section */
		CB428EC929389F7500EE5CCD /* Resources */ = {
			isa = PBXResourcesBuildPhase;
			buildActionMask = 2147483647;
			files = (
				CB428EDB29389F7600EE5CCD /* LaunchScreen.storyboard in Resources */,
				CB428ED829389F7600EE5CCD /* Assets.xcassets in Resources */,
				CB428EE52938A08B00EE5CCD /* SampleCollectionViewCell.xib in Resources */,
				CB428ED629389F7500EE5CCD /* Main.storyboard in Resources */,
			);
			runOnlyForDeploymentPostprocessing = 0;
		};
/* End PBXResourcesBuildPhase section */

/* Begin PBXSourcesBuildPhase section */
		CB428EC729389F7500EE5CCD /* Sources */ = {
			isa = PBXSourcesBuildPhase;
			buildActionMask = 2147483647;
			files = (
				CB428ED329389F7500EE5CCD /* ViewController.swift in Sources */,
				CB428ECF29389F7500EE5CCD /* AppDelegate.swift in Sources */,
				CB428EE42938A08B00EE5CCD /* SampleCollectionViewCell.swift in Sources */,
				CB428ED129389F7500EE5CCD /* SceneDelegate.swift in Sources */,
			);
			runOnlyForDeploymentPostprocessing = 0;
		};
/* End PBXSourcesBuildPhase section */

/* Begin PBXVariantGroup section */
		CB428ED429389F7500EE5CCD /* Main.storyboard */ = {
			isa = PBXVariantGroup;
			children = (
				CB428ED529389F7500EE5CCD /* Base */,
			);
			name = Main.storyboard;
			sourceTree = "<group>";
		};
		CB428ED929389F7600EE5CCD /* LaunchScreen.storyboard */ = {
			isa = PBXVariantGroup;
			children = (
				CB428EDA29389F7600EE5CCD /* Base */,
			);
			name = LaunchScreen.storyboard;
			sourceTree = "<group>";
		};
/* End PBXVariantGroup section */

/* Begin XCBuildConfiguration section */
		CB428EDD29389F7600EE5CCD /* Debug */ = {
			isa = XCBuildConfiguration;
			buildSettings = {
				ALWAYS_SEARCH_USER_PATHS = NO;
				CLANG_ANALYZER_NONNULL = YES;
				CLANG_ANALYZER_NUMBER_OBJECT_CONVERSION = YES_AGGRESSIVE;
				CLANG_CXX_LANGUAGE_STANDARD = "gnu++20";
				CLANG_ENABLE_MODULES = YES;
				CLANG_ENABLE_OBJC_ARC = YES;
				CLANG_ENABLE_OBJC_WEAK = YES;
				CLANG_WARN_BLOCK_CAPTURE_AUTORELEASING = YES;
				CLANG_WARN_BOOL_CONVERSION = YES;
				CLANG_WARN_COMMA = YES;
				CLANG_WARN_CONSTANT_CONVERSION = YES;
				CLANG_WARN_DEPRECATED_OBJC_IMPLEMENTATIONS = YES;
				CLANG_WARN_DIRECT_OBJC_ISA_USAGE = YES_ERROR;
				CLANG_WARN_DOCUMENTATION_COMMENTS = YES;
				CLANG_WARN_EMPTY_BODY = YES;
				CLANG_WARN_ENUM_CONVERSION = YES;
				CLANG_WARN_INFINITE_RECURSION = YES;
				CLANG_WARN_INT_CONVERSION = YES;
				CLANG_WARN_NON_LITERAL_NULL_CONVERSION = YES;
				CLANG_WARN_OBJC_IMPLICIT_RETAIN_SELF = YES;
				CLANG_WARN_OBJC_LITERAL_CONVERSION = YES;
				CLANG_WARN_OBJC_ROOT_CLASS = YES_ERROR;
				CLANG_WARN_QUOTED_INCLUDE_IN_FRAMEWORK_HEADER = YES;
				CLANG_WARN_RANGE_LOOP_ANALYSIS = YES;
				CLANG_WARN_STRICT_PROTOTYPES = YES;
				CLANG_WARN_SUSPICIOUS_MOVE = YES;
				CLANG_WARN_UNGUARDED_AVAILABILITY = YES_AGGRESSIVE;
				CLANG_WARN_UNREACHABLE_CODE = YES;
				CLANG_WARN__DUPLICATE_METHOD_MATCH = YES;
				COPY_PHASE_STRIP = NO;
				DEBUG_INFORMATION_FORMAT = dwarf;
				ENABLE_STRICT_OBJC_MSGSEND = YES;
				ENABLE_TESTABILITY = YES;
				GCC_C_LANGUAGE_STANDARD = gnu11;
				GCC_DYNAMIC_NO_PIC = NO;
				GCC_NO_COMMON_BLOCKS = YES;
				GCC_OPTIMIZATION_LEVEL = 0;
				GCC_PREPROCESSOR_DEFINITIONS = (
					"DEBUG=1",
					"$(inherited)",
				);
				GCC_WARN_64_TO_32_BIT_CONVERSION = YES;
				GCC_WARN_ABOUT_RETURN_TYPE = YES_ERROR;
				GCC_WARN_UNDECLARED_SELECTOR = YES;
				GCC_WARN_UNINITIALIZED_AUTOS = YES_AGGRESSIVE;
				GCC_WARN_UNUSED_FUNCTION = YES;
				GCC_WARN_UNUSED_VARIABLE = YES;
				IPHONEOS_DEPLOYMENT_TARGET = 16.1;
				MTL_ENABLE_DEBUG_INFO = INCLUDE_SOURCE;
				MTL_FAST_MATH = YES;
				ONLY_ACTIVE_ARCH = YES;
				SDKROOT = iphoneos;
				SWIFT_ACTIVE_COMPILATION_CONDITIONS = DEBUG;
				SWIFT_OPTIMIZATION_LEVEL = "-Onone";
			};
			name = Debug;
		};
		CB428EDE29389F7600EE5CCD /* Release */ = {
			isa = XCBuildConfiguration;
			buildSettings = {
				ALWAYS_SEARCH_USER_PATHS = NO;
				CLANG_ANALYZER_NONNULL = YES;
				CLANG_ANALYZER_NUMBER_OBJECT_CONVERSION = YES_AGGRESSIVE;
				CLANG_CXX_LANGUAGE_STANDARD = "gnu++20";
				CLANG_ENABLE_MODULES = YES;
				CLANG_ENABLE_OBJC_ARC = YES;
				CLANG_ENABLE_OBJC_WEAK = YES;
				CLANG_WARN_BLOCK_CAPTURE_AUTORELEASING = YES;
				CLANG_WARN_BOOL_CONVERSION = YES;
				CLANG_WARN_COMMA = YES;
				CLANG_WARN_CONSTANT_CONVERSION = YES;
				CLANG_WARN_DEPRECATED_OBJC_IMPLEMENTATIONS = YES;
				CLANG_WARN_DIRECT_OBJC_ISA_USAGE = YES_ERROR;
				CLANG_WARN_DOCUMENTATION_COMMENTS = YES;
				CLANG_WARN_EMPTY_BODY = YES;
				CLANG_WARN_ENUM_CONVERSION = YES;
				CLANG_WARN_INFINITE_RECURSION = YES;
				CLANG_WARN_INT_CONVERSION = YES;
				CLANG_WARN_NON_LITERAL_NULL_CONVERSION = YES;
				CLANG_WARN_OBJC_IMPLICIT_RETAIN_SELF = YES;
				CLANG_WARN_OBJC_LITERAL_CONVERSION = YES;
				CLANG_WARN_OBJC_ROOT_CLASS = YES_ERROR;
				CLANG_WARN_QUOTED_INCLUDE_IN_FRAMEWORK_HEADER = YES;
				CLANG_WARN_RANGE_LOOP_ANALYSIS = YES;
				CLANG_WARN_STRICT_PROTOTYPES = YES;
				CLANG_WARN_SUSPICIOUS_MOVE = YES;
				CLANG_WARN_UNGUARDED_AVAILABILITY = YES_AGGRESSIVE;
				CLANG_WARN_UNREACHABLE_CODE = YES;
				CLANG_WARN__DUPLICATE_METHOD_MATCH = YES;
				COPY_PHASE_STRIP = NO;
				DEBUG_INFORMATION_FORMAT = "dwarf-with-dsym";
				ENABLE_NS_ASSERTIONS = NO;
				ENABLE_STRICT_OBJC_MSGSEND = YES;
				GCC_C_LANGUAGE_STANDARD = gnu11;
				GCC_NO_COMMON_BLOCKS = YES;
				GCC_WARN_64_TO_32_BIT_CONVERSION = YES;
				GCC_WARN_ABOUT_RETURN_TYPE = YES_ERROR;
				GCC_WARN_UNDECLARED_SELECTOR = YES;
				GCC_WARN_UNINITIALIZED_AUTOS = YES_AGGRESSIVE;
				GCC_WARN_UNUSED_FUNCTION = YES;
				GCC_WARN_UNUSED_VARIABLE = YES;
				IPHONEOS_DEPLOYMENT_TARGET = 16.1;
				MTL_ENABLE_DEBUG_INFO = NO;
				MTL_FAST_MATH = YES;
				SDKROOT = iphoneos;
				SWIFT_COMPILATION_MODE = wholemodule;
				SWIFT_OPTIMIZATION_LEVEL = "-O";
				VALIDATE_PRODUCT = YES;
			};
			name = Release;
		};
		CB428EE029389F7600EE5CCD /* Debug */ = {
			isa = XCBuildConfiguration;
			buildSettings = {
				ASSETCATALOG_COMPILER_APPICON_NAME = AppIcon;
				ASSETCATALOG_COMPILER_GLOBAL_ACCENT_COLOR_NAME = AccentColor;
				CODE_SIGN_STYLE = Automatic;
				CURRENT_PROJECT_VERSION = 1;
				DEVELOPMENT_TEAM = 6L95GP9HQV;
				GENERATE_INFOPLIST_FILE = YES;
				INFOPLIST_FILE = UICollectionSample/Info.plist;
				INFOPLIST_KEY_UIApplicationSupportsIndirectInputEvents = YES;
				INFOPLIST_KEY_UILaunchStoryboardName = LaunchScreen;
				INFOPLIST_KEY_UIMainStoryboardFile = Main;
				INFOPLIST_KEY_UISupportedInterfaceOrientations_iPad = "UIInterfaceOrientationPortrait UIInterfaceOrientationPortraitUpsideDown UIInterfaceOrientationLandscapeLeft UIInterfaceOrientationLandscapeRight";
				INFOPLIST_KEY_UISupportedInterfaceOrientations_iPhone = "UIInterfaceOrientationPortrait UIInterfaceOrientationLandscapeLeft UIInterfaceOrientationLandscapeRight";
				LD_RUNPATH_SEARCH_PATHS = (
					"$(inherited)",
					"@executable_path/Frameworks",
				);
				MARKETING_VERSION = 1.0;
				PRODUCT_BUNDLE_IDENTIFIER = tomsan96.UICollectionSample;
				PRODUCT_NAME = "$(TARGET_NAME)";
				SWIFT_EMIT_LOC_STRINGS = YES;
				SWIFT_VERSION = 5.0;
				TARGETED_DEVICE_FAMILY = "1,2";
			};
			name = Debug;
		};
		CB428EE129389F7600EE5CCD /* Release */ = {
			isa = XCBuildConfiguration;
			buildSettings = {
				ASSETCATALOG_COMPILER_APPICON_NAME = AppIcon;
				ASSETCATALOG_COMPILER_GLOBAL_ACCENT_COLOR_NAME = AccentColor;
				CODE_SIGN_STYLE = Automatic;
				CURRENT_PROJECT_VERSION = 1;
				DEVELOPMENT_TEAM = 6L95GP9HQV;
				GENERATE_INFOPLIST_FILE = YES;
				INFOPLIST_FILE = UICollectionSample/Info.plist;
				INFOPLIST_KEY_UIApplicationSupportsIndirectInputEvents = YES;
				INFOPLIST_KEY_UILaunchStoryboardName = LaunchScreen;
				INFOPLIST_KEY_UIMainStoryboardFile = Main;
				INFOPLIST_KEY_UISupportedInterfaceOrientations_iPad = "UIInterfaceOrientationPortrait UIInterfaceOrientationPortraitUpsideDown UIInterfaceOrientationLandscapeLeft UIInterfaceOrientationLandscapeRight";
				INFOPLIST_KEY_UISupportedInterfaceOrientations_iPhone = "UIInterfaceOrientationPortrait UIInterfaceOrientationLandscapeLeft UIInterfaceOrientationLandscapeRight";
				LD_RUNPATH_SEARCH_PATHS = (
					"$(inherited)",
					"@executable_path/Frameworks",
				);
				MARKETING_VERSION = 1.0;
				PRODUCT_BUNDLE_IDENTIFIER = tomsan96.UICollectionSample;
				PRODUCT_NAME = "$(TARGET_NAME)";
				SWIFT_EMIT_LOC_STRINGS = YES;
				SWIFT_VERSION = 5.0;
				TARGETED_DEVICE_FAMILY = "1,2";
			};
			name = Release;
		};
/* End XCBuildConfiguration section */

/* Begin XCConfigurationList section */
		CB428EC629389F7500EE5CCD /* Build configuration list for PBXProject "UICollectionSample" */ = {
			isa = XCConfigurationList;
			buildConfigurations = (
				CB428EDD29389F7600EE5CCD /* Debug */,
				CB428EDE29389F7600EE5CCD /* Release */,
			);
			defaultConfigurationIsVisible = 0;
			defaultConfigurationName = Release;
		};
		CB428EDF29389F7600EE5CCD /* Build configuration list for PBXNativeTarget "UICollectionSample" */ = {
			isa = XCConfigurationList;
			buildConfigurations = (
				CB428EE029389F7600EE5CCD /* Debug */,
				CB428EE129389F7600EE5CCD /* Release */,
			);
			defaultConfigurationIsVisible = 0;
			defaultConfigurationName = Release;
		};
/* End XCConfigurationList section */
	};
	rootObject = CB428EC329389F7500EE5CCD /* Project object */;
}
